
Microsoft Visual Studio Solution File, Format Version 12.00
# Visual Studio Version 16
VisualStudioVersion = 16.0.32602.291
MinimumVisualStudioVersion = 10.0.40219.1
Project("{FAE04EC0-301F-11D3-BF4B-00C04F79EFBC}") = "Multiples", "Multiples\Multiples.csproj", "{71283825-6769-4E6C-BE73-00752DA97EE7}"
EndProject
Global
	GlobalSection(SolutionConfigurationPlatforms) = preSolution
		Debug|Any CPU = Debug|Any CPU
		Release|Any CPU = Release|Any CPU
	EndGlobalSection
	GlobalSection(ProjectConfigurationPlatforms) = postSolution
		{71283825-6769-4E6C-BE73-00752DA97EE7}.Debug|Any CPU.ActiveCfg = Debug|Any CPU
		{71283825-6769-4E6C-BE73-00752DA97EE7}.Debug|Any CPU.Build.0 = Debug|Any CPU
		{71283825-6769-4E6C-BE73-00752DA97EE7}.Release|Any CPU.ActiveCfg = Release|Any CPU
		{71283825-6769-4E6C-BE73-00752DA97EE7}.Release|Any CPU.Build.0 = Release|Any CPU
	EndGlobalSection
	GlobalSection(SolutionProperties) = preSolution
		HideSolutionNode = FALSE
	EndGlobalSection
	GlobalSection(ExtensibilityGlobals) = postSolution
		SolutionGuid = {FF45A5AD-E03F-4215-B482-FF97A1F8F6D4}
	EndGlobalSection
EndGlobal
